// !$*UTF8*$!
{
	archiveVersion = 1;
	classes = {
	};
	objectVersion = 50;
	objects = {

/* Begin PBXBuildFile section */
		950D8007249EA24B00BFD6F5 /* FileInfoViewController.m in Sources */ = {isa = PBXBuildFile; fileRef = 950D8005249EA24B00BFD6F5 /* FileInfoViewController.m */; };
		950D8008249EA24B00BFD6F5 /* FileInfoViewController.xib in Resources */ = {isa = PBXBuildFile; fileRef = 950D8006249EA24B00BFD6F5 /* FileInfoViewController.xib */; };
		950D800C249EA70900BFD6F5 /* InfoListViewController.m in Sources */ = {isa = PBXBuildFile; fileRef = 950D800A249EA70900BFD6F5 /* InfoListViewController.m */; };
		950D800D249EA70900BFD6F5 /* InfoListViewController.xib in Resources */ = {isa = PBXBuildFile; fileRef = 950D800B249EA70900BFD6F5 /* InfoListViewController.xib */; };
		950D8011249EB1EB00BFD6F5 /* GalleryViewController.m in Sources */ = {isa = PBXBuildFile; fileRef = 950D800F249EB1EB00BFD6F5 /* GalleryViewController.m */; };
		950D8012249EB1EB00BFD6F5 /* GalleryViewController.xib in Resources */ = {isa = PBXBuildFile; fileRef = 950D8010249EB1EB00BFD6F5 /* GalleryViewController.xib */; };
		950D8016249EB2BF00BFD6F5 /* PhoneInfoViewController.m in Sources */ = {isa = PBXBuildFile; fileRef = 950D8014249EB2BF00BFD6F5 /* PhoneInfoViewController.m */; };
		950D8017249EB2BF00BFD6F5 /* PhoneInfoViewController.xib in Resources */ = {isa = PBXBuildFile; fileRef = 950D8015249EB2BF00BFD6F5 /* PhoneInfoViewController.xib */; };
		950D801B249ED2CB00BFD6F5 /* InfoCell.m in Sources */ = {isa = PBXBuildFile; fileRef = 950D8019249ED2CB00BFD6F5 /* InfoCell.m */; };
		950D801C249ED2CB00BFD6F5 /* InfoCell.xib in Resources */ = {isa = PBXBuildFile; fileRef = 950D801A249ED2CB00BFD6F5 /* InfoCell.xib */; };
		953098E324A16B09006F8C5B /* PHAsset+URL.m in Sources */ = {isa = PBXBuildFile; fileRef = 953098E224A16B09006F8C5B /* PHAsset+URL.m */; };
		955FE3D5249CFB85001B7FCB /* IconViewController.m in Sources */ = {isa = PBXBuildFile; fileRef = 955FE3D4249CFB85001B7FCB /* IconViewController.m */; };
		955FE3D8249CFC05001B7FCB /* IconView.m in Sources */ = {isa = PBXBuildFile; fileRef = 955FE3D7249CFC05001B7FCB /* IconView.m */; };
		95614D8A249BEA1200D65D0C /* AppDelegate.m in Sources */ = {isa = PBXBuildFile; fileRef = 95614D89249BEA1200D65D0C /* AppDelegate.m */; };
		95614D95249BEA1300D65D0C /* Assets.xcassets in Resources */ = {isa = PBXBuildFile; fileRef = 95614D94249BEA1300D65D0C /* Assets.xcassets */; };
		95614D98249BEA1300D65D0C /* LaunchScreen.storyboard in Resources */ = {isa = PBXBuildFile; fileRef = 95614D96249BEA1300D65D0C /* LaunchScreen.storyboard */; };
		95614D9B249BEA1300D65D0C /* main.m in Sources */ = {isa = PBXBuildFile; fileRef = 95614D9A249BEA1300D65D0C /* main.m */; };
		95614DA6249C0CF500D65D0C /* UIColor+HexColors.m in Sources */ = {isa = PBXBuildFile; fileRef = 95614DA5249C0CF500D65D0C /* UIColor+HexColors.m */; };
/* End PBXBuildFile section */

/* Begin PBXFileReference section */
		950D8004249EA24B00BFD6F5 /* FileInfoViewController.h */ = {isa = PBXFileReference; lastKnownFileType = sourcecode.c.h; path = FileInfoViewController.h; sourceTree = "<group>"; };
		950D8005249EA24B00BFD6F5 /* FileInfoViewController.m */ = {isa = PBXFileReference; lastKnownFileType = sourcecode.c.objc; path = FileInfoViewController.m; sourceTree = "<group>"; };
		950D8006249EA24B00BFD6F5 /* FileInfoViewController.xib */ = {isa = PBXFileReference; lastKnownFileType = file.xib; path = FileInfoViewController.xib; sourceTree = "<group>"; };
		950D8009249EA70900BFD6F5 /* InfoListViewController.h */ = {isa = PBXFileReference; lastKnownFileType = sourcecode.c.h; path = InfoListViewController.h; sourceTree = "<group>"; };
		950D800A249EA70900BFD6F5 /* InfoListViewController.m */ = {isa = PBXFileReference; lastKnownFileType = sourcecode.c.objc; path = InfoListViewController.m; sourceTree = "<group>"; };
		950D800B249EA70900BFD6F5 /* InfoListViewController.xib */ = {isa = PBXFileReference; lastKnownFileType = file.xib; path = InfoListViewController.xib; sourceTree = "<group>"; };
		950D800E249EB1EB00BFD6F5 /* GalleryViewController.h */ = {isa = PBXFileReference; lastKnownFileType = sourcecode.c.h; path = GalleryViewController.h; sourceTree = "<group>"; };
		950D800F249EB1EB00BFD6F5 /* GalleryViewController.m */ = {isa = PBXFileReference; lastKnownFileType = sourcecode.c.objc; path = GalleryViewController.m; sourceTree = "<group>"; };
		950D8010249EB1EB00BFD6F5 /* GalleryViewController.xib */ = {isa = PBXFileReference; lastKnownFileType = file.xib; path = GalleryViewController.xib; sourceTree = "<group>"; };
		950D8013249EB2BF00BFD6F5 /* PhoneInfoViewController.h */ = {isa = PBXFileReference; lastKnownFileType = sourcecode.c.h; path = PhoneInfoViewController.h; sourceTree = "<group>"; };
		950D8014249EB2BF00BFD6F5 /* PhoneInfoViewController.m */ = {isa = PBXFileReference; lastKnownFileType = sourcecode.c.objc; path = PhoneInfoViewController.m; sourceTree = "<group>"; };
		950D8015249EB2BF00BFD6F5 /* PhoneInfoViewController.xib */ = {isa = PBXFileReference; lastKnownFileType = file.xib; path = PhoneInfoViewController.xib; sourceTree = "<group>"; };
		950D8018249ED2CB00BFD6F5 /* InfoCell.h */ = {isa = PBXFileReference; lastKnownFileType = sourcecode.c.h; path = InfoCell.h; sourceTree = "<group>"; };
		950D8019249ED2CB00BFD6F5 /* InfoCell.m */ = {isa = PBXFileReference; lastKnownFileType = sourcecode.c.objc; path = InfoCell.m; sourceTree = "<group>"; };
		950D801A249ED2CB00BFD6F5 /* InfoCell.xib */ = {isa = PBXFileReference; lastKnownFileType = file.xib; path = InfoCell.xib; sourceTree = "<group>"; };
		953098E124A16B09006F8C5B /* PHAsset+URL.h */ = {isa = PBXFileReference; lastKnownFileType = sourcecode.c.h; path = "PHAsset+URL.h"; sourceTree = "<group>"; };
		953098E224A16B09006F8C5B /* PHAsset+URL.m */ = {isa = PBXFileReference; lastKnownFileType = sourcecode.c.objc; path = "PHAsset+URL.m"; sourceTree = "<group>"; };
		955FE3D3249CFB85001B7FCB /* IconViewController.h */ = {isa = PBXFileReference; lastKnownFileType = sourcecode.c.h; path = IconViewController.h; sourceTree = "<group>"; };
		955FE3D4249CFB85001B7FCB /* IconViewController.m */ = {isa = PBXFileReference; lastKnownFileType = sourcecode.c.objc; path = IconViewController.m; sourceTree = "<group>"; };
		955FE3D6249CFC05001B7FCB /* IconView.h */ = {isa = PBXFileReference; lastKnownFileType = sourcecode.c.h; path = IconView.h; sourceTree = "<group>"; };
		955FE3D7249CFC05001B7FCB /* IconView.m */ = {isa = PBXFileReference; lastKnownFileType = sourcecode.c.objc; path = IconView.m; sourceTree = "<group>"; };
		95614D85249BEA1200D65D0C /* WorkWithUITask6.app */ = {isa = PBXFileReference; explicitFileType = wrapper.application; includeInIndex = 0; path = WorkWithUITask6.app; sourceTree = BUILT_PRODUCTS_DIR; };
		95614D88249BEA1200D65D0C /* AppDelegate.h */ = {isa = PBXFileReference; lastKnownFileType = sourcecode.c.h; path = AppDelegate.h; sourceTree = "<group>"; };
		95614D89249BEA1200D65D0C /* AppDelegate.m */ = {isa = PBXFileReference; lastKnownFileType = sourcecode.c.objc; path = AppDelegate.m; sourceTree = "<group>"; };
		95614D94249BEA1300D65D0C /* Assets.xcassets */ = {isa = PBXFileReference; lastKnownFileType = folder.assetcatalog; path = Assets.xcassets; sourceTree = "<group>"; };
		95614D97249BEA1300D65D0C /* Base */ = {isa = PBXFileReference; lastKnownFileType = file.storyboard; name = Base; path = Base.lproj/LaunchScreen.storyboard; sourceTree = "<group>"; };
		95614D99249BEA1300D65D0C /* Info.plist */ = {isa = PBXFileReference; lastKnownFileType = text.plist.xml; path = Info.plist; sourceTree = "<group>"; };
		95614D9A249BEA1300D65D0C /* main.m */ = {isa = PBXFileReference; lastKnownFileType = sourcecode.c.objc; path = main.m; sourceTree = "<group>"; };
		95614DA4249C0CF500D65D0C /* UIColor+HexColors.h */ = {isa = PBXFileReference; lastKnownFileType = sourcecode.c.h; path = "UIColor+HexColors.h"; sourceTree = "<group>"; };
		95614DA5249C0CF500D65D0C /* UIColor+HexColors.m */ = {isa = PBXFileReference; lastKnownFileType = sourcecode.c.objc; path = "UIColor+HexColors.m"; sourceTree = "<group>"; };
/* End PBXFileReference section */

/* Begin PBXFrameworksBuildPhase section */
		95614D82249BEA1200D65D0C /* Frameworks */ = {
			isa = PBXFrameworksBuildPhase;
			buildActionMask = 2147483647;
			files = (
			);
			runOnlyForDeploymentPostprocessing = 0;
		};
/* End PBXFrameworksBuildPhase section */

/* Begin PBXGroup section */
		950D801D249ED2D700BFD6F5 /* cells */ = {
			isa = PBXGroup;
			children = (
				9514BDB024A1554600D77D8B /* InfoCell */,
			);
			path = cells;
			sourceTree = "<group>";
		};
		9514BDAB24A1548400D77D8B /* IconViewController */ = {
			isa = PBXGroup;
			children = (
				955FE3D3249CFB85001B7FCB /* IconViewController.h */,
				955FE3D4249CFB85001B7FCB /* IconViewController.m */,
			);
			path = IconViewController;
			sourceTree = "<group>";
		};
		9514BDAC24A154BF00D77D8B /* FileInfoViewController */ = {
			isa = PBXGroup;
			children = (
				950D8005249EA24B00BFD6F5 /* FileInfoViewController.m */,
				950D8006249EA24B00BFD6F5 /* FileInfoViewController.xib */,
				950D8004249EA24B00BFD6F5 /* FileInfoViewController.h */,
			);
			path = FileInfoViewController;
			sourceTree = "<group>";
		};
		9514BDAD24A154E300D77D8B /* PhoneInfoViewController */ = {
			isa = PBXGroup;
			children = (
				950D8013249EB2BF00BFD6F5 /* PhoneInfoViewController.h */,
				950D8014249EB2BF00BFD6F5 /* PhoneInfoViewController.m */,
				950D8015249EB2BF00BFD6F5 /* PhoneInfoViewController.xib */,
			);
			path = PhoneInfoViewController;
			sourceTree = "<group>";
		};
		9514BDAE24A1550000D77D8B /* GalleryViewController */ = {
			isa = PBXGroup;
			children = (
				950D800E249EB1EB00BFD6F5 /* GalleryViewController.h */,
				950D800F249EB1EB00BFD6F5 /* GalleryViewController.m */,
				950D8010249EB1EB00BFD6F5 /* GalleryViewController.xib */,
			);
			path = GalleryViewController;
			sourceTree = "<group>";
		};
		9514BDAF24A1551A00D77D8B /* InfoListViewController */ = {
			isa = PBXGroup;
			children = (
				950D8009249EA70900BFD6F5 /* InfoListViewController.h */,
				950D800A249EA70900BFD6F5 /* InfoListViewController.m */,
				950D800B249EA70900BFD6F5 /* InfoListViewController.xib */,
			);
			path = InfoListViewController;
			sourceTree = "<group>";
		};
		9514BDB024A1554600D77D8B /* InfoCell */ = {
			isa = PBXGroup;
			children = (
				950D8018249ED2CB00BFD6F5 /* InfoCell.h */,
				950D8019249ED2CB00BFD6F5 /* InfoCell.m */,
				950D801A249ED2CB00BFD6F5 /* InfoCell.xib */,
			);
			path = InfoCell;
			sourceTree = "<group>";
		};
		9514BDB124A1556200D77D8B /* Views */ = {
			isa = PBXGroup;
			children = (
				955FE3D6249CFC05001B7FCB /* IconView.h */,
				955FE3D7249CFC05001B7FCB /* IconView.m */,
			);
			path = Views;
			sourceTree = "<group>";
		};
		9514BDB224A1557300D77D8B /* Category */ = {
			isa = PBXGroup;
			children = (
				95614DA4249C0CF500D65D0C /* UIColor+HexColors.h */,
				95614DA5249C0CF500D65D0C /* UIColor+HexColors.m */,
				953098E124A16B09006F8C5B /* PHAsset+URL.h */,
				953098E224A16B09006F8C5B /* PHAsset+URL.m */,
			);
			path = Category;
			sourceTree = "<group>";
		};
		95614D7C249BEA1200D65D0C = {
			isa = PBXGroup;
			children = (
				95614D87249BEA1200D65D0C /* WorkWithUITask6 */,
				95614D86249BEA1200D65D0C /* Products */,
			);
			sourceTree = "<group>";
		};
		95614D86249BEA1200D65D0C /* Products */ = {
			isa = PBXGroup;
			children = (
				95614D85249BEA1200D65D0C /* WorkWithUITask6.app */,
			);
			name = Products;
			sourceTree = "<group>";
		};
		95614D87249BEA1200D65D0C /* WorkWithUITask6 */ = {
			isa = PBXGroup;
			children = (
				9514BDB224A1557300D77D8B /* Category */,
				9514BDB124A1556200D77D8B /* Views */,
				9514BDAF24A1551A00D77D8B /* InfoListViewController */,
				9514BDAE24A1550000D77D8B /* GalleryViewController */,
				9514BDAD24A154E300D77D8B /* PhoneInfoViewController */,
				9514BDAC24A154BF00D77D8B /* FileInfoViewController */,
				9514BDAB24A1548400D77D8B /* IconViewController */,
				950D801D249ED2D700BFD6F5 /* cells */,
				95614D88249BEA1200D65D0C /* AppDelegate.h */,
				95614D89249BEA1200D65D0C /* AppDelegate.m */,
				95614D94249BEA1300D65D0C /* Assets.xcassets */,
				95614D96249BEA1300D65D0C /* LaunchScreen.storyboard */,
				95614D99249BEA1300D65D0C /* Info.plist */,
				95614D9A249BEA1300D65D0C /* main.m */,
			);
			path = WorkWithUITask6;
			sourceTree = "<group>";
		};
/* End PBXGroup section */

/* Begin PBXNativeTarget section */
		95614D84249BEA1200D65D0C /* WorkWithUITask6 */ = {
			isa = PBXNativeTarget;
			buildConfigurationList = 95614D9E249BEA1300D65D0C /* Build configuration list for PBXNativeTarget "WorkWithUITask6" */;
			buildPhases = (
				95614D81249BEA1200D65D0C /* Sources */,
				95614D82249BEA1200D65D0C /* Frameworks */,
				95614D83249BEA1200D65D0C /* Resources */,
			);
			buildRules = (
			);
			dependencies = (
			);
			name = WorkWithUITask6;
			productName = WorkWithUITask6;
			productReference = 95614D85249BEA1200D65D0C /* WorkWithUITask6.app */;
			productType = "com.apple.product-type.application";
		};
/* End PBXNativeTarget section */

/* Begin PBXProject section */
		95614D7D249BEA1200D65D0C /* Project object */ = {
			isa = PBXProject;
			attributes = {
				LastUpgradeCheck = 1130;
				ORGANIZATIONNAME = "Hanna Rybakova";
				TargetAttributes = {
					95614D84249BEA1200D65D0C = {
						CreatedOnToolsVersion = 11.3.1;
					};
				};
			};
			buildConfigurationList = 95614D80249BEA1200D65D0C /* Build configuration list for PBXProject "WorkWithUITask6" */;
			compatibilityVersion = "Xcode 9.3";
			developmentRegion = en;
			hasScannedForEncodings = 0;
			knownRegions = (
				en,
				Base,
			);
			mainGroup = 95614D7C249BEA1200D65D0C;
			productRefGroup = 95614D86249BEA1200D65D0C /* Products */;
			projectDirPath = "";
			projectRoot = "";
			targets = (
				95614D84249BEA1200D65D0C /* WorkWithUITask6 */,
			);
		};
/* End PBXProject section */

/* Begin PBXResourcesBuildPhase section */
		95614D83249BEA1200D65D0C /* Resources */ = {
			isa = PBXResourcesBuildPhase;
			buildActionMask = 2147483647;
			files = (
				950D8012249EB1EB00BFD6F5 /* GalleryViewController.xib in Resources */,
				950D801C249ED2CB00BFD6F5 /* InfoCell.xib in Resources */,
				95614D98249BEA1300D65D0C /* LaunchScreen.storyboard in Resources */,
				950D8008249EA24B00BFD6F5 /* FileInfoViewController.xib in Resources */,
				950D8017249EB2BF00BFD6F5 /* PhoneInfoViewController.xib in Resources */,
				950D800D249EA70900BFD6F5 /* InfoListViewController.xib in Resources */,
				95614D95249BEA1300D65D0C /* Assets.xcassets in Resources */,
			);
			runOnlyForDeploymentPostprocessing = 0;
		};
/* End PBXResourcesBuildPhase section */

/* Begin PBXSourcesBuildPhase section */
		95614D81249BEA1200D65D0C /* Sources */ = {
			isa = PBXSourcesBuildPhase;
			buildActionMask = 2147483647;
			files = (
				953098E324A16B09006F8C5B /* PHAsset+URL.m in Sources */,
				955FE3D5249CFB85001B7FCB /* IconViewController.m in Sources */,
				950D8011249EB1EB00BFD6F5 /* GalleryViewController.m in Sources */,
				95614DA6249C0CF500D65D0C /* UIColor+HexColors.m in Sources */,
				950D801B249ED2CB00BFD6F5 /* InfoCell.m in Sources */,
				950D8016249EB2BF00BFD6F5 /* PhoneInfoViewController.m in Sources */,
				950D800C249EA70900BFD6F5 /* InfoListViewController.m in Sources */,
				95614D8A249BEA1200D65D0C /* AppDelegate.m in Sources */,
				955FE3D8249CFC05001B7FCB /* IconView.m in Sources */,
				950D8007249EA24B00BFD6F5 /* FileInfoViewController.m in Sources */,
				95614D9B249BEA1300D65D0C /* main.m in Sources */,
			);
			runOnlyForDeploymentPostprocessing = 0;
		};
/* End PBXSourcesBuildPhase section */

/* Begin PBXVariantGroup section */
		95614D96249BEA1300D65D0C /* LaunchScreen.storyboard */ = {
			isa = PBXVariantGroup;
			children = (
				95614D97249BEA1300D65D0C /* Base */,
			);
			name = LaunchScreen.storyboard;
			sourceTree = "<group>";
		};
/* End PBXVariantGroup section */

/* Begin XCBuildConfiguration section */
		95614D9C249BEA1300D65D0C /* Debug */ = {
			isa = XCBuildConfiguration;
			buildSettings = {
				ALWAYS_SEARCH_USER_PATHS = NO;
				CLANG_ANALYZER_NONNULL = YES;
				CLANG_ANALYZER_NUMBER_OBJECT_CONVERSION = YES_AGGRESSIVE;
				CLANG_CXX_LANGUAGE_STANDARD = "gnu++14";
				CLANG_CXX_LIBRARY = "libc++";
				CLANG_ENABLE_MODULES = YES;
				CLANG_ENABLE_OBJC_ARC = YES;
				CLANG_ENABLE_OBJC_WEAK = YES;
				CLANG_WARN_BLOCK_CAPTURE_AUTORELEASING = YES;
				CLANG_WARN_BOOL_CONVERSION = YES;
				CLANG_WARN_COMMA = YES;
				CLANG_WARN_CONSTANT_CONVERSION = YES;
				CLANG_WARN_DEPRECATED_OBJC_IMPLEMENTATIONS = YES;
				CLANG_WARN_DIRECT_OBJC_ISA_USAGE = YES_ERROR;
				CLANG_WARN_DOCUMENTATION_COMMENTS = YES;
				CLANG_WARN_EMPTY_BODY = YES;
				CLANG_WARN_ENUM_CONVERSION = YES;
				CLANG_WARN_INFINITE_RECURSION = YES;
				CLANG_WARN_INT_CONVERSION = YES;
				CLANG_WARN_NON_LITERAL_NULL_CONVERSION = YES;
				CLANG_WARN_OBJC_IMPLICIT_RETAIN_SELF = YES;
				CLANG_WARN_OBJC_LITERAL_CONVERSION = YES;
				CLANG_WARN_OBJC_ROOT_CLASS = YES_ERROR;
				CLANG_WARN_RANGE_LOOP_ANALYSIS = YES;
				CLANG_WARN_STRICT_PROTOTYPES = YES;
				CLANG_WARN_SUSPICIOUS_MOVE = YES;
				CLANG_WARN_UNGUARDED_AVAILABILITY = YES_AGGRESSIVE;
				CLANG_WARN_UNREACHABLE_CODE = YES;
				CLANG_WARN__DUPLICATE_METHOD_MATCH = YES;
				COPY_PHASE_STRIP = NO;
				DEBUG_INFORMATION_FORMAT = dwarf;
				ENABLE_STRICT_OBJC_MSGSEND = YES;
				ENABLE_TESTABILITY = YES;
				GCC_C_LANGUAGE_STANDARD = gnu11;
				GCC_DYNAMIC_NO_PIC = NO;
				GCC_NO_COMMON_BLOCKS = YES;
				GCC_OPTIMIZATION_LEVEL = 0;
				GCC_PREPROCESSOR_DEFINITIONS = (
					"DEBUG=1",
					"$(inherited)",
				);
				GCC_WARN_64_TO_32_BIT_CONVERSION = YES;
				GCC_WARN_ABOUT_RETURN_TYPE = YES_ERROR;
				GCC_WARN_UNDECLARED_SELECTOR = YES;
				GCC_WARN_UNINITIALIZED_AUTOS = YES_AGGRESSIVE;
				GCC_WARN_UNUSED_FUNCTION = YES;
				GCC_WARN_UNUSED_VARIABLE = YES;
				IPHONEOS_DEPLOYMENT_TARGET = 10.0;
				MTL_ENABLE_DEBUG_INFO = INCLUDE_SOURCE;
				MTL_FAST_MATH = YES;
				ONLY_ACTIVE_ARCH = YES;
				SDKROOT = iphoneos;
			};
			name = Debug;
		};
		95614D9D249BEA1300D65D0C /* Release */ = {
			isa = XCBuildConfiguration;
			buildSettings = {
				ALWAYS_SEARCH_USER_PATHS = NO;
				CLANG_ANALYZER_NONNULL = YES;
				CLANG_ANALYZER_NUMBER_OBJECT_CONVERSION = YES_AGGRESSIVE;
				CLANG_CXX_LANGUAGE_STANDARD = "gnu++14";
				CLANG_CXX_LIBRARY = "libc++";
				CLANG_ENABLE_MODULES = YES;
				CLANG_ENABLE_OBJC_ARC = YES;
				CLANG_ENABLE_OBJC_WEAK = YES;
				CLANG_WARN_BLOCK_CAPTURE_AUTORELEASING = YES;
				CLANG_WARN_BOOL_CONVERSION = YES;
				CLANG_WARN_COMMA = YES;
				CLANG_WARN_CONSTANT_CONVERSION = YES;
				CLANG_WARN_DEPRECATED_OBJC_IMPLEMENTATIONS = YES;
				CLANG_WARN_DIRECT_OBJC_ISA_USAGE = YES_ERROR;
				CLANG_WARN_DOCUMENTATION_COMMENTS = YES;
				CLANG_WARN_EMPTY_BODY = YES;
				CLANG_WARN_ENUM_CONVERSION = YES;
				CLANG_WARN_INFINITE_RECURSION = YES;
				CLANG_WARN_INT_CONVERSION = YES;
				CLANG_WARN_NON_LITERAL_NULL_CONVERSION = YES;
				CLANG_WARN_OBJC_IMPLICIT_RETAIN_SELF = YES;
				CLANG_WARN_OBJC_LITERAL_CONVERSION = YES;
				CLANG_WARN_OBJC_ROOT_CLASS = YES_ERROR;
				CLANG_WARN_RANGE_LOOP_ANALYSIS = YES;
				CLANG_WARN_STRICT_PROTOTYPES = YES;
				CLANG_WARN_SUSPICIOUS_MOVE = YES;
				CLANG_WARN_UNGUARDED_AVAILABILITY = YES_AGGRESSIVE;
				CLANG_WARN_UNREACHABLE_CODE = YES;
				CLANG_WARN__DUPLICATE_METHOD_MATCH = YES;
				COPY_PHASE_STRIP = NO;
				DEBUG_INFORMATION_FORMAT = "dwarf-with-dsym";
				ENABLE_NS_ASSERTIONS = NO;
				ENABLE_STRICT_OBJC_MSGSEND = YES;
				GCC_C_LANGUAGE_STANDARD = gnu11;
				GCC_NO_COMMON_BLOCKS = YES;
				GCC_WARN_64_TO_32_BIT_CONVERSION = YES;
				GCC_WARN_ABOUT_RETURN_TYPE = YES_ERROR;
				GCC_WARN_UNDECLARED_SELECTOR = YES;
				GCC_WARN_UNINITIALIZED_AUTOS = YES_AGGRESSIVE;
				GCC_WARN_UNUSED_FUNCTION = YES;
				GCC_WARN_UNUSED_VARIABLE = YES;
				IPHONEOS_DEPLOYMENT_TARGET = 10.0;
				MTL_ENABLE_DEBUG_INFO = NO;
				MTL_FAST_MATH = YES;
				SDKROOT = iphoneos;
				VALIDATE_PRODUCT = YES;
			};
			name = Release;
		};
		95614D9F249BEA1300D65D0C /* Debug */ = {
			isa = XCBuildConfiguration;
			buildSettings = {
				ASSETCATALOG_COMPILER_APPICON_NAME = AppIcon;
				CODE_SIGN_IDENTITY = "Apple Development";
				CODE_SIGN_STYLE = Manual;
				DEVELOPMENT_TEAM = "";
				INFOPLIST_FILE = WorkWithUITask6/Info.plist;
				IPHONEOS_DEPLOYMENT_TARGET = 10.0;
				LD_RUNPATH_SEARCH_PATHS = (
					"$(inherited)",
					"@executable_path/Frameworks",
				);
				PRODUCT_BUNDLE_IDENTIFIER = none.WorkWithUITask6;
				PRODUCT_NAME = "$(TARGET_NAME)";
				PROVISIONING_PROFILE_SPECIFIER = "";
				TARGETED_DEVICE_FAMILY = "1,2";
			};
			name = Debug;
		};
		95614DA0249BEA1300D65D0C /* Release */ = {
			isa = XCBuildConfiguration;
			buildSettings = {
				ASSETCATALOG_COMPILER_APPICON_NAME = AppIcon;
				CODE_SIGN_IDENTITY = "Apple Development";
				CODE_SIGN_STYLE = Manual;
				DEVELOPMENT_TEAM = "";
				INFOPLIST_FILE = WorkWithUITask6/Info.plist;
				IPHONEOS_DEPLOYMENT_TARGET = 10.0;
				LD_RUNPATH_SEARCH_PATHS = (
					"$(inherited)",
					"@executable_path/Frameworks",
				);
				PRODUCT_BUNDLE_IDENTIFIER = none.WorkWithUITask6;
				PRODUCT_NAME = "$(TARGET_NAME)";
				PROVISIONING_PROFILE_SPECIFIER = "";
				TARGETED_DEVICE_FAMILY = "1,2";
			};
			name = Release;
		};
/* End XCBuildConfiguration section */

/* Begin XCConfigurationList section */
		95614D80249BEA1200D65D0C /* Build configuration list for PBXProject "WorkWithUITask6" */ = {
			isa = XCConfigurationList;
			buildConfigurations = (
				95614D9C249BEA1300D65D0C /* Debug */,
				95614D9D249BEA1300D65D0C /* Release */,
			);
			defaultConfigurationIsVisible = 0;
			defaultConfigurationName = Release;
		};
		95614D9E249BEA1300D65D0C /* Build configuration list for PBXNativeTarget "WorkWithUITask6" */ = {
			isa = XCConfigurationList;
			buildConfigurations = (
				95614D9F249BEA1300D65D0C /* Debug */,
				95614DA0249BEA1300D65D0C /* Release */,
			);
			defaultConfigurationIsVisible = 0;
			defaultConfigurationName = Release;
		};
/* End XCConfigurationList section */
	};
	rootObject = 95614D7D249BEA1200D65D0C /* Project object */;
}
